
Microsoft Visual Studio Solution File, Format Version 12.00
# Visual Studio Version 17
VisualStudioVersion = 17.4.33213.308
MinimumVisualStudioVersion = 10.0.40219.1
Project("{9A19103F-16F7-4668-BE54-9A1E7A4F7556}") = "NetDevChallange.Entities", "NetDevChallange.Entities\NetDevChallange.Entities.csproj", "{5B02125F-DF21-46B9-A8D1-B198FB426027}"
EndProject
Project("{9A19103F-16F7-4668-BE54-9A1E7A4F7556}") = "NetDevChallange.Core", "NetDevChallange.Core\NetDevChallange.Core.csproj", "{08E931B1-4A0F-4605-924A-ABD0CC06B552}"
EndProject
Project("{9A19103F-16F7-4668-BE54-9A1E7A4F7556}") = "NetDevChallange.DataAccess", "NetDevChallange.DataAccess\NetDevChallange.DataAccess.csproj", "{1E941D7E-B055-4AAD-A96D-E336A07696F6}"
EndProject
Project("{9A19103F-16F7-4668-BE54-9A1E7A4F7556}") = "NetDevChallange.Business", "NetDevChallange.Business\NetDevChallange.Business.csproj", "{1D6D6F25-E9C2-481F-A8FB-29E87F935E40}"
EndProject
Project("{FAE04EC0-301F-11D3-BF4B-00C04F79EFBC}") = "NetDevChallange.MvcWebUI", "NetDevChallange.MvcWebUI\NetDevChallange.MvcWebUI.csproj", "{00A3ED17-7CD3-4ED7-BD56-F1EC02C22AB7}"
EndProject
Global
	GlobalSection(SolutionConfigurationPlatforms) = preSolution
		Debug|Any CPU = Debug|Any CPU
		Release|Any CPU = Release|Any CPU
	EndGlobalSection
	GlobalSection(ProjectConfigurationPlatforms) = postSolution
		{5B02125F-DF21-46B9-A8D1-B198FB426027}.Debug|Any CPU.ActiveCfg = Debug|Any CPU
		{5B02125F-DF21-46B9-A8D1-B198FB426027}.Debug|Any CPU.Build.0 = Debug|Any CPU
		{5B02125F-DF21-46B9-A8D1-B198FB426027}.Release|Any CPU.ActiveCfg = Release|Any CPU
		{5B02125F-DF21-46B9-A8D1-B198FB426027}.Release|Any CPU.Build.0 = Release|Any CPU
		{08E931B1-4A0F-4605-924A-ABD0CC06B552}.Debug|Any CPU.ActiveCfg = Debug|Any CPU
		{08E931B1-4A0F-4605-924A-ABD0CC06B552}.Debug|Any CPU.Build.0 = Debug|Any CPU
		{08E931B1-4A0F-4605-924A-ABD0CC06B552}.Release|Any CPU.ActiveCfg = Release|Any CPU
		{08E931B1-4A0F-4605-924A-ABD0CC06B552}.Release|Any CPU.Build.0 = Release|Any CPU
		{1E941D7E-B055-4AAD-A96D-E336A07696F6}.Debug|Any CPU.ActiveCfg = Debug|Any CPU
		{1E941D7E-B055-4AAD-A96D-E336A07696F6}.Debug|Any CPU.Build.0 = Debug|Any CPU
		{1E941D7E-B055-4AAD-A96D-E336A07696F6}.Release|Any CPU.ActiveCfg = Release|Any CPU
		{1E941D7E-B055-4AAD-A96D-E336A07696F6}.Release|Any CPU.Build.0 = Release|Any CPU
		{1D6D6F25-E9C2-481F-A8FB-29E87F935E40}.Debug|Any CPU.ActiveCfg = Debug|Any CPU
		{1D6D6F25-E9C2-481F-A8FB-29E87F935E40}.Debug|Any CPU.Build.0 = Debug|Any CPU
		{1D6D6F25-E9C2-481F-A8FB-29E87F935E40}.Release|Any CPU.ActiveCfg = Release|Any CPU
		{1D6D6F25-E9C2-481F-A8FB-29E87F935E40}.Release|Any CPU.Build.0 = Release|Any CPU
		{00A3ED17-7CD3-4ED7-BD56-F1EC02C22AB7}.Debug|Any CPU.ActiveCfg = Debug|Any CPU
		{00A3ED17-7CD3-4ED7-BD56-F1EC02C22AB7}.Debug|Any CPU.Build.0 = Debug|Any CPU
		{00A3ED17-7CD3-4ED7-BD56-F1EC02C22AB7}.Release|Any CPU.ActiveCfg = Release|Any CPU
		{00A3ED17-7CD3-4ED7-BD56-F1EC02C22AB7}.Release|Any CPU.Build.0 = Release|Any CPU
	EndGlobalSection
	GlobalSection(SolutionProperties) = preSolution
		HideSolutionNode = FALSE
	EndGlobalSection
	GlobalSection(ExtensibilityGlobals) = postSolution
		SolutionGuid = {318DDC66-1645-42EC-B10B-E62B00375594}
	EndGlobalSection
EndGlobal
